// !$*UTF8*$!
{
	archiveVersion = 1;
	classes = {
	};
	objectVersion = 50;
	objects = {

/* Begin PBXBuildFile section */
		02A78B86969C51EE63C5711C /* Pods_browsemeUITests.framework in Frameworks */ = {isa = PBXBuildFile; fileRef = 208B43586992477004DC19F6 /* Pods_browsemeUITests.framework */; };
		4CE6984517A7D7E125818F5A /* Pods_browseme.framework in Frameworks */ = {isa = PBXBuildFile; fileRef = 8608FB2963921DB8D617C044 /* Pods_browseme.framework */; };
		84043EAC21A9395800349BD2 /* MainView.swift in Sources */ = {isa = PBXBuildFile; fileRef = 84043EAB21A9395800349BD2 /* MainView.swift */; };
		84100F1821A937E700A24666 /* AppDelegate.swift in Sources */ = {isa = PBXBuildFile; fileRef = 84100F1721A937E700A24666 /* AppDelegate.swift */; };
		84100F1A21A937E700A24666 /* MainViewController.swift in Sources */ = {isa = PBXBuildFile; fileRef = 84100F1921A937E700A24666 /* MainViewController.swift */; };
		84100F1F21A937E900A24666 /* Assets.xcassets in Resources */ = {isa = PBXBuildFile; fileRef = 84100F1E21A937E900A24666 /* Assets.xcassets */; };
		84100F2221A937E900A24666 /* LaunchScreen.storyboard in Resources */ = {isa = PBXBuildFile; fileRef = 84100F2021A937E900A24666 /* LaunchScreen.storyboard */; };
		84100F2D21A937E900A24666 /* browsemeTests.swift in Sources */ = {isa = PBXBuildFile; fileRef = 84100F2C21A937E900A24666 /* browsemeTests.swift */; };
		84100F3821A937E900A24666 /* browsemeUITests.swift in Sources */ = {isa = PBXBuildFile; fileRef = 84100F3721A937E900A24666 /* browsemeUITests.swift */; };
		842EC08F21A950D0003E2B7C /* MainNavigationController.swift in Sources */ = {isa = PBXBuildFile; fileRef = 842EC08E21A950D0003E2B7C /* MainNavigationController.swift */; };
		E8D5FAEE7BBC0A90F33B6252 /* Pods_browsemeTests.framework in Frameworks */ = {isa = PBXBuildFile; fileRef = 912C661F3CD8832AC1063E96 /* Pods_browsemeTests.framework */; };
/* End PBXBuildFile section */

/* Begin PBXContainerItemProxy section */
		84100F2921A937E900A24666 /* PBXContainerItemProxy */ = {
			isa = PBXContainerItemProxy;
			containerPortal = 84100F0C21A937E700A24666 /* Project object */;
			proxyType = 1;
			remoteGlobalIDString = 84100F1321A937E700A24666;
			remoteInfo = browseme;
		};
		84100F3421A937E900A24666 /* PBXContainerItemProxy */ = {
			isa = PBXContainerItemProxy;
			containerPortal = 84100F0C21A937E700A24666 /* Project object */;
			proxyType = 1;
			remoteGlobalIDString = 84100F1321A937E700A24666;
			remoteInfo = browseme;
		};
/* End PBXContainerItemProxy section */

/* Begin PBXFileReference section */
		208B43586992477004DC19F6 /* Pods_browsemeUITests.framework */ = {isa = PBXFileReference; explicitFileType = wrapper.framework; includeInIndex = 0; path = Pods_browsemeUITests.framework; sourceTree = BUILT_PRODUCTS_DIR; };
		52BE6A02A7D91D2C8B1F068F /* Pods-browsemeUITests.release.xcconfig */ = {isa = PBXFileReference; includeInIndex = 1; lastKnownFileType = text.xcconfig; name = "Pods-browsemeUITests.release.xcconfig"; path = "Pods/Target Support Files/Pods-browsemeUITests/Pods-browsemeUITests.release.xcconfig"; sourceTree = "<group>"; };
		5546E87E94EF91CE566CCB5B /* Pods-browsemeTests.debug.xcconfig */ = {isa = PBXFileReference; includeInIndex = 1; lastKnownFileType = text.xcconfig; name = "Pods-browsemeTests.debug.xcconfig"; path = "Pods/Target Support Files/Pods-browsemeTests/Pods-browsemeTests.debug.xcconfig"; sourceTree = "<group>"; };
		5A20051E8D0933058C1FDBD8 /* Pods-browsemeTests.release.xcconfig */ = {isa = PBXFileReference; includeInIndex = 1; lastKnownFileType = text.xcconfig; name = "Pods-browsemeTests.release.xcconfig"; path = "Pods/Target Support Files/Pods-browsemeTests/Pods-browsemeTests.release.xcconfig"; sourceTree = "<group>"; };
		6ED703C410D2F3E8D79B5A95 /* Pods-browseme.release.xcconfig */ = {isa = PBXFileReference; includeInIndex = 1; lastKnownFileType = text.xcconfig; name = "Pods-browseme.release.xcconfig"; path = "Pods/Target Support Files/Pods-browseme/Pods-browseme.release.xcconfig"; sourceTree = "<group>"; };
		84043EAB21A9395800349BD2 /* MainView.swift */ = {isa = PBXFileReference; lastKnownFileType = sourcecode.swift; path = MainView.swift; sourceTree = "<group>"; };
		84100F1421A937E700A24666 /* browseme.app */ = {isa = PBXFileReference; explicitFileType = wrapper.application; includeInIndex = 0; path = browseme.app; sourceTree = BUILT_PRODUCTS_DIR; };
		84100F1721A937E700A24666 /* AppDelegate.swift */ = {isa = PBXFileReference; lastKnownFileType = sourcecode.swift; path = AppDelegate.swift; sourceTree = "<group>"; };
		84100F1921A937E700A24666 /* MainViewController.swift */ = {isa = PBXFileReference; lastKnownFileType = sourcecode.swift; path = MainViewController.swift; sourceTree = "<group>"; };
		84100F1E21A937E900A24666 /* Assets.xcassets */ = {isa = PBXFileReference; lastKnownFileType = folder.assetcatalog; path = Assets.xcassets; sourceTree = "<group>"; };
		84100F2121A937E900A24666 /* Base */ = {isa = PBXFileReference; lastKnownFileType = file.storyboard; name = Base; path = Base.lproj/LaunchScreen.storyboard; sourceTree = "<group>"; };
		84100F2321A937E900A24666 /* Info.plist */ = {isa = PBXFileReference; lastKnownFileType = text.plist.xml; path = Info.plist; sourceTree = "<group>"; };
		84100F2821A937E900A24666 /* browsemeTests.xctest */ = {isa = PBXFileReference; explicitFileType = wrapper.cfbundle; includeInIndex = 0; path = browsemeTests.xctest; sourceTree = BUILT_PRODUCTS_DIR; };
		84100F2C21A937E900A24666 /* browsemeTests.swift */ = {isa = PBXFileReference; lastKnownFileType = sourcecode.swift; path = browsemeTests.swift; sourceTree = "<group>"; };
		84100F2E21A937E900A24666 /* Info.plist */ = {isa = PBXFileReference; lastKnownFileType = text.plist.xml; path = Info.plist; sourceTree = "<group>"; };
		84100F3321A937E900A24666 /* browsemeUITests.xctest */ = {isa = PBXFileReference; explicitFileType = wrapper.cfbundle; includeInIndex = 0; path = browsemeUITests.xctest; sourceTree = BUILT_PRODUCTS_DIR; };
		84100F3721A937E900A24666 /* browsemeUITests.swift */ = {isa = PBXFileReference; lastKnownFileType = sourcecode.swift; path = browsemeUITests.swift; sourceTree = "<group>"; };
		84100F3921A937E900A24666 /* Info.plist */ = {isa = PBXFileReference; lastKnownFileType = text.plist.xml; path = Info.plist; sourceTree = "<group>"; };
		842EC08E21A950D0003E2B7C /* MainNavigationController.swift */ = {isa = PBXFileReference; lastKnownFileType = sourcecode.swift; path = MainNavigationController.swift; sourceTree = "<group>"; };
		8608FB2963921DB8D617C044 /* Pods_browseme.framework */ = {isa = PBXFileReference; explicitFileType = wrapper.framework; includeInIndex = 0; path = Pods_browseme.framework; sourceTree = BUILT_PRODUCTS_DIR; };
		861D1425F028C2236EB12233 /* Pods-browseme.debug.xcconfig */ = {isa = PBXFileReference; includeInIndex = 1; lastKnownFileType = text.xcconfig; name = "Pods-browseme.debug.xcconfig"; path = "Pods/Target Support Files/Pods-browseme/Pods-browseme.debug.xcconfig"; sourceTree = "<group>"; };
		912C661F3CD8832AC1063E96 /* Pods_browsemeTests.framework */ = {isa = PBXFileReference; explicitFileType = wrapper.framework; includeInIndex = 0; path = Pods_browsemeTests.framework; sourceTree = BUILT_PRODUCTS_DIR; };
		B88CA30821E22805CB180074 /* Pods-browsemeUITests.debug.xcconfig */ = {isa = PBXFileReference; includeInIndex = 1; lastKnownFileType = text.xcconfig; name = "Pods-browsemeUITests.debug.xcconfig"; path = "Pods/Target Support Files/Pods-browsemeUITests/Pods-browsemeUITests.debug.xcconfig"; sourceTree = "<group>"; };
/* End PBXFileReference section */

/* Begin PBXFrameworksBuildPhase section */
		84100F1121A937E700A24666 /* Frameworks */ = {
			isa = PBXFrameworksBuildPhase;
			buildActionMask = 2147483647;
			files = (
				4CE6984517A7D7E125818F5A /* Pods_browseme.framework in Frameworks */,
			);
			runOnlyForDeploymentPostprocessing = 0;
		};
		84100F2521A937E900A24666 /* Frameworks */ = {
			isa = PBXFrameworksBuildPhase;
			buildActionMask = 2147483647;
			files = (
				E8D5FAEE7BBC0A90F33B6252 /* Pods_browsemeTests.framework in Frameworks */,
			);
			runOnlyForDeploymentPostprocessing = 0;
		};
		84100F3021A937E900A24666 /* Frameworks */ = {
			isa = PBXFrameworksBuildPhase;
			buildActionMask = 2147483647;
			files = (
				02A78B86969C51EE63C5711C /* Pods_browsemeUITests.framework in Frameworks */,
			);
			runOnlyForDeploymentPostprocessing = 0;
		};
/* End PBXFrameworksBuildPhase section */

/* Begin PBXGroup section */
		00D82C71E225187DF6EEDAFF /* Pods */ = {
			isa = PBXGroup;
			children = (
				861D1425F028C2236EB12233 /* Pods-browseme.debug.xcconfig */,
				6ED703C410D2F3E8D79B5A95 /* Pods-browseme.release.xcconfig */,
				5546E87E94EF91CE566CCB5B /* Pods-browsemeTests.debug.xcconfig */,
				5A20051E8D0933058C1FDBD8 /* Pods-browsemeTests.release.xcconfig */,
				B88CA30821E22805CB180074 /* Pods-browsemeUITests.debug.xcconfig */,
				52BE6A02A7D91D2C8B1F068F /* Pods-browsemeUITests.release.xcconfig */,
			);
			name = Pods;
			sourceTree = "<group>";
		};
		84100F0B21A937E700A24666 = {
			isa = PBXGroup;
			children = (
				84100F1621A937E700A24666 /* browseme */,
				84100F2B21A937E900A24666 /* browsemeTests */,
				84100F3621A937E900A24666 /* browsemeUITests */,
				84100F1521A937E700A24666 /* Products */,
				00D82C71E225187DF6EEDAFF /* Pods */,
				F44F1E276453E0B8E8835EB8 /* Frameworks */,
			);
			sourceTree = "<group>";
		};
		84100F1521A937E700A24666 /* Products */ = {
			isa = PBXGroup;
			children = (
				84100F1421A937E700A24666 /* browseme.app */,
				84100F2821A937E900A24666 /* browsemeTests.xctest */,
				84100F3321A937E900A24666 /* browsemeUITests.xctest */,
			);
			name = Products;
			sourceTree = "<group>";
		};
		84100F1621A937E700A24666 /* browseme */ = {
			isa = PBXGroup;
			children = (
				84100F4821A9382900A24666 /* Singleton */,
				84100F4721A9381E00A24666 /* Controller */,
				84100F4621A9381700A24666 /* View */,
				84100F4521A9380D00A24666 /* Model */,
				84100F1E21A937E900A24666 /* Assets.xcassets */,
				84100F2021A937E900A24666 /* LaunchScreen.storyboard */,
				84100F2321A937E900A24666 /* Info.plist */,
			);
			path = browseme;
			sourceTree = "<group>";
		};
		84100F2B21A937E900A24666 /* browsemeTests */ = {
			isa = PBXGroup;
			children = (
				84100F2C21A937E900A24666 /* browsemeTests.swift */,
				84100F2E21A937E900A24666 /* Info.plist */,
			);
			path = browsemeTests;
			sourceTree = "<group>";
		};
		84100F3621A937E900A24666 /* browsemeUITests */ = {
			isa = PBXGroup;
			children = (
				84100F3721A937E900A24666 /* browsemeUITests.swift */,
				84100F3921A937E900A24666 /* Info.plist */,
			);
			path = browsemeUITests;
			sourceTree = "<group>";
		};
		84100F4521A9380D00A24666 /* Model */ = {
			isa = PBXGroup;
			children = (
			);
			path = Model;
			sourceTree = "<group>";
		};
		84100F4621A9381700A24666 /* View */ = {
			isa = PBXGroup;
			children = (
				84043EAB21A9395800349BD2 /* MainView.swift */,
			);
			path = View;
			sourceTree = "<group>";
		};
		84100F4721A9381E00A24666 /* Controller */ = {
			isa = PBXGroup;
			children = (
				84100F1921A937E700A24666 /* MainViewController.swift */,
				842EC08E21A950D0003E2B7C /* MainNavigationController.swift */,
			);
			path = Controller;
			sourceTree = "<group>";
		};
		84100F4821A9382900A24666 /* Singleton */ = {
			isa = PBXGroup;
			children = (
				84100F1721A937E700A24666 /* AppDelegate.swift */,
			);
			path = Singleton;
			sourceTree = "<group>";
		};
		F44F1E276453E0B8E8835EB8 /* Frameworks */ = {
			isa = PBXGroup;
			children = (
				8608FB2963921DB8D617C044 /* Pods_browseme.framework */,
				912C661F3CD8832AC1063E96 /* Pods_browsemeTests.framework */,
				208B43586992477004DC19F6 /* Pods_browsemeUITests.framework */,
			);
			name = Frameworks;
			sourceTree = "<group>";
		};
/* End PBXGroup section */

/* Begin PBXNativeTarget section */
		84100F1321A937E700A24666 /* browseme */ = {
			isa = PBXNativeTarget;
			buildConfigurationList = 84100F3C21A937E900A24666 /* Build configuration list for PBXNativeTarget "browseme" */;
			buildPhases = (
				3652C9E9E8EB0129EF4A414C /* [CP] Check Pods Manifest.lock */,
				84100F1021A937E700A24666 /* Sources */,
				84100F1121A937E700A24666 /* Frameworks */,
				84100F1221A937E700A24666 /* Resources */,
				ABB1E8F209FCF9A6AAE5196B /* [CP] Embed Pods Frameworks */,
			);
			buildRules = (
			);
			dependencies = (
			);
			name = browseme;
			productName = browseme;
			productReference = 84100F1421A937E700A24666 /* browseme.app */;
			productType = "com.apple.product-type.application";
		};
		84100F2721A937E900A24666 /* browsemeTests */ = {
			isa = PBXNativeTarget;
			buildConfigurationList = 84100F3F21A937E900A24666 /* Build configuration list for PBXNativeTarget "browsemeTests" */;
			buildPhases = (
				721466D4D8BA7CF7C6C44A70 /* [CP] Check Pods Manifest.lock */,
				84100F2421A937E900A24666 /* Sources */,
				84100F2521A937E900A24666 /* Frameworks */,
				84100F2621A937E900A24666 /* Resources */,
			);
			buildRules = (
			);
			dependencies = (
				84100F2A21A937E900A24666 /* PBXTargetDependency */,
			);
			name = browsemeTests;
			productName = browsemeTests;
			productReference = 84100F2821A937E900A24666 /* browsemeTests.xctest */;
			productType = "com.apple.product-type.bundle.unit-test";
		};
		84100F3221A937E900A24666 /* browsemeUITests */ = {
			isa = PBXNativeTarget;
			buildConfigurationList = 84100F4221A937E900A24666 /* Build configuration list for PBXNativeTarget "browsemeUITests" */;
			buildPhases = (
				B6B32665486EA0E5042BFA01 /* [CP] Check Pods Manifest.lock */,
				84100F2F21A937E900A24666 /* Sources */,
				84100F3021A937E900A24666 /* Frameworks */,
				84100F3121A937E900A24666 /* Resources */,
			);
			buildRules = (
			);
			dependencies = (
				84100F3521A937E900A24666 /* PBXTargetDependency */,
			);
			name = browsemeUITests;
			productName = browsemeUITests;
			productReference = 84100F3321A937E900A24666 /* browsemeUITests.xctest */;
			productType = "com.apple.product-type.bundle.ui-testing";
		};
/* End PBXNativeTarget section */

/* Begin PBXProject section */
		84100F0C21A937E700A24666 /* Project object */ = {
			isa = PBXProject;
			attributes = {
				LastSwiftUpdateCheck = 1000;
				LastUpgradeCheck = 1000;
				ORGANIZATIONNAME = Admin;
				TargetAttributes = {
					84100F1321A937E700A24666 = {
						CreatedOnToolsVersion = 10.0;
					};
					84100F2721A937E900A24666 = {
						CreatedOnToolsVersion = 10.0;
						TestTargetID = 84100F1321A937E700A24666;
					};
					84100F3221A937E900A24666 = {
						CreatedOnToolsVersion = 10.0;
						TestTargetID = 84100F1321A937E700A24666;
					};
				};
			};
			buildConfigurationList = 84100F0F21A937E700A24666 /* Build configuration list for PBXProject "browseme" */;
			compatibilityVersion = "Xcode 9.3";
			developmentRegion = en;
			hasScannedForEncodings = 0;
			knownRegions = (
				en,
				Base,
			);
			mainGroup = 84100F0B21A937E700A24666;
			productRefGroup = 84100F1521A937E700A24666 /* Products */;
			projectDirPath = "";
			projectRoot = "";
			targets = (
				84100F1321A937E700A24666 /* browseme */,
				84100F2721A937E900A24666 /* browsemeTests */,
				84100F3221A937E900A24666 /* browsemeUITests */,
			);
		};
/* End PBXProject section */

/* Begin PBXResourcesBuildPhase section */
		84100F1221A937E700A24666 /* Resources */ = {
			isa = PBXResourcesBuildPhase;
			buildActionMask = 2147483647;
			files = (
				84100F2221A937E900A24666 /* LaunchScreen.storyboard in Resources */,
				84100F1F21A937E900A24666 /* Assets.xcassets in Resources */,
			);
			runOnlyForDeploymentPostprocessing = 0;
		};
		84100F2621A937E900A24666 /* Resources */ = {
			isa = PBXResourcesBuildPhase;
			buildActionMask = 2147483647;
			files = (
			);
			runOnlyForDeploymentPostprocessing = 0;
		};
		84100F3121A937E900A24666 /* Resources */ = {
			isa = PBXResourcesBuildPhase;
			buildActionMask = 2147483647;
			files = (
			);
			runOnlyForDeploymentPostprocessing = 0;
		};
/* End PBXResourcesBuildPhase section */

/* Begin PBXShellScriptBuildPhase section */
		3652C9E9E8EB0129EF4A414C /* [CP] Check Pods Manifest.lock */ = {
			isa = PBXShellScriptBuildPhase;
			buildActionMask = 2147483647;
			files = (
			);
			inputFileListPaths = (
			);
			inputPaths = (
				"${PODS_PODFILE_DIR_PATH}/Podfile.lock",
				"${PODS_ROOT}/Manifest.lock",
			);
			name = "[CP] Check Pods Manifest.lock";
			outputFileListPaths = (
			);
			outputPaths = (
				"$(DERIVED_FILE_DIR)/Pods-browseme-checkManifestLockResult.txt",
			);
			runOnlyForDeploymentPostprocessing = 0;
			shellPath = /bin/sh;
			shellScript = "diff \"${PODS_PODFILE_DIR_PATH}/Podfile.lock\" \"${PODS_ROOT}/Manifest.lock\" > /dev/null\nif [ $? != 0 ] ; then\n    # print error to STDERR\n    echo \"error: The sandbox is not in sync with the Podfile.lock. Run 'pod install' or update your CocoaPods installation.\" >&2\n    exit 1\nfi\n# This output is used by Xcode 'outputs' to avoid re-running this script phase.\necho \"SUCCESS\" > \"${SCRIPT_OUTPUT_FILE_0}\"\n";
			showEnvVarsInLog = 0;
		};
		721466D4D8BA7CF7C6C44A70 /* [CP] Check Pods Manifest.lock */ = {
			isa = PBXShellScriptBuildPhase;
			buildActionMask = 2147483647;
			files = (
			);
			inputFileListPaths = (
			);
			inputPaths = (
				"${PODS_PODFILE_DIR_PATH}/Podfile.lock",
				"${PODS_ROOT}/Manifest.lock",
			);
			name = "[CP] Check Pods Manifest.lock";
			outputFileListPaths = (
			);
			outputPaths = (
				"$(DERIVED_FILE_DIR)/Pods-browsemeTests-checkManifestLockResult.txt",
			);
			runOnlyForDeploymentPostprocessing = 0;
			shellPath = /bin/sh;
			shellScript = "diff \"${PODS_PODFILE_DIR_PATH}/Podfile.lock\" \"${PODS_ROOT}/Manifest.lock\" > /dev/null\nif [ $? != 0 ] ; then\n    # print error to STDERR\n    echo \"error: The sandbox is not in sync with the Podfile.lock. Run 'pod install' or update your CocoaPods installation.\" >&2\n    exit 1\nfi\n# This output is used by Xcode 'outputs' to avoid re-running this script phase.\necho \"SUCCESS\" > \"${SCRIPT_OUTPUT_FILE_0}\"\n";
			showEnvVarsInLog = 0;
		};
		ABB1E8F209FCF9A6AAE5196B /* [CP] Embed Pods Frameworks */ = {
			isa = PBXShellScriptBuildPhase;
			buildActionMask = 2147483647;
			files = (
			);
			inputFileListPaths = (
			);
			inputPaths = (
				"${SRCROOT}/Pods/Target Support Files/Pods-browseme/Pods-browseme-frameworks.sh",
				"${BUILT_PRODUCTS_DIR}/Hero/Hero.framework",
				"${BUILT_PRODUCTS_DIR}/SteviaLayout/Stevia.framework",
			);
			name = "[CP] Embed Pods Frameworks";
			outputFileListPaths = (
			);
			outputPaths = (
				"${TARGET_BUILD_DIR}/${FRAMEWORKS_FOLDER_PATH}/Hero.framework",
				"${TARGET_BUILD_DIR}/${FRAMEWORKS_FOLDER_PATH}/Stevia.framework",
			);
			runOnlyForDeploymentPostprocessing = 0;
			shellPath = /bin/sh;
			shellScript = "\"${SRCROOT}/Pods/Target Support Files/Pods-browseme/Pods-browseme-frameworks.sh\"\n";
			showEnvVarsInLog = 0;
		};
		B6B32665486EA0E5042BFA01 /* [CP] Check Pods Manifest.lock */ = {
			isa = PBXShellScriptBuildPhase;
			buildActionMask = 2147483647;
			files = (
			);
			inputFileListPaths = (
			);
			inputPaths = (
				"${PODS_PODFILE_DIR_PATH}/Podfile.lock",
				"${PODS_ROOT}/Manifest.lock",
			);
			name = "[CP] Check Pods Manifest.lock";
			outputFileListPaths = (
			);
			outputPaths = (
				"$(DERIVED_FILE_DIR)/Pods-browsemeUITests-checkManifestLockResult.txt",
			);
			runOnlyForDeploymentPostprocessing = 0;
			shellPath = /bin/sh;
			shellScript = "diff \"${PODS_PODFILE_DIR_PATH}/Podfile.lock\" \"${PODS_ROOT}/Manifest.lock\" > /dev/null\nif [ $? != 0 ] ; then\n    # print error to STDERR\n    echo \"error: The sandbox is not in sync with the Podfile.lock. Run 'pod install' or update your CocoaPods installation.\" >&2\n    exit 1\nfi\n# This output is used by Xcode 'outputs' to avoid re-running this script phase.\necho \"SUCCESS\" > \"${SCRIPT_OUTPUT_FILE_0}\"\n";
			showEnvVarsInLog = 0;
		};
/* End PBXShellScriptBuildPhase section */

/* Begin PBXSourcesBuildPhase section */
		84100F1021A937E700A24666 /* Sources */ = {
			isa = PBXSourcesBuildPhase;
			buildActionMask = 2147483647;
			files = (
				84100F1A21A937E700A24666 /* MainViewController.swift in Sources */,
				84043EAC21A9395800349BD2 /* MainView.swift in Sources */,
				842EC08F21A950D0003E2B7C /* MainNavigationController.swift in Sources */,
				84100F1821A937E700A24666 /* AppDelegate.swift in Sources */,
			);
			runOnlyForDeploymentPostprocessing = 0;
		};
		84100F2421A937E900A24666 /* Sources */ = {
			isa = PBXSourcesBuildPhase;
			buildActionMask = 2147483647;
			files = (
				84100F2D21A937E900A24666 /* browsemeTests.swift in Sources */,
			);
			runOnlyForDeploymentPostprocessing = 0;
		};
		84100F2F21A937E900A24666 /* Sources */ = {
			isa = PBXSourcesBuildPhase;
			buildActionMask = 2147483647;
			files = (
				84100F3821A937E900A24666 /* browsemeUITests.swift in Sources */,
			);
			runOnlyForDeploymentPostprocessing = 0;
		};
/* End PBXSourcesBuildPhase section */

/* Begin PBXTargetDependency section */
		84100F2A21A937E900A24666 /* PBXTargetDependency */ = {
			isa = PBXTargetDependency;
			target = 84100F1321A937E700A24666 /* browseme */;
			targetProxy = 84100F2921A937E900A24666 /* PBXContainerItemProxy */;
		};
		84100F3521A937E900A24666 /* PBXTargetDependency */ = {
			isa = PBXTargetDependency;
			target = 84100F1321A937E700A24666 /* browseme */;
			targetProxy = 84100F3421A937E900A24666 /* PBXContainerItemProxy */;
		};
/* End PBXTargetDependency section */

/* Begin PBXVariantGroup section */
		84100F2021A937E900A24666 /* LaunchScreen.storyboard */ = {
			isa = PBXVariantGroup;
			children = (
				84100F2121A937E900A24666 /* Base */,
			);
			name = LaunchScreen.storyboard;
			sourceTree = "<group>";
		};
/* End PBXVariantGroup section */

/* Begin XCBuildConfiguration section */
		84100F3A21A937E900A24666 /* Debug */ = {
			isa = XCBuildConfiguration;
			buildSettings = {
				ALWAYS_SEARCH_USER_PATHS = NO;
				CLANG_ANALYZER_NONNULL = YES;
				CLANG_ANALYZER_NUMBER_OBJECT_CONVERSION = YES_AGGRESSIVE;
				CLANG_CXX_LANGUAGE_STANDARD = "gnu++14";
				CLANG_CXX_LIBRARY = "libc++";
				CLANG_ENABLE_MODULES = YES;
				CLANG_ENABLE_OBJC_ARC = YES;
				CLANG_ENABLE_OBJC_WEAK = YES;
				CLANG_WARN_BLOCK_CAPTURE_AUTORELEASING = YES;
				CLANG_WARN_BOOL_CONVERSION = YES;
				CLANG_WARN_COMMA = YES;
				CLANG_WARN_CONSTANT_CONVERSION = YES;
				CLANG_WARN_DEPRECATED_OBJC_IMPLEMENTATIONS = YES;
				CLANG_WARN_DIRECT_OBJC_ISA_USAGE = YES_ERROR;
				CLANG_WARN_DOCUMENTATION_COMMENTS = YES;
				CLANG_WARN_EMPTY_BODY = YES;
				CLANG_WARN_ENUM_CONVERSION = YES;
				CLANG_WARN_INFINITE_RECURSION = YES;
				CLANG_WARN_INT_CONVERSION = YES;
				CLANG_WARN_NON_LITERAL_NULL_CONVERSION = YES;
				CLANG_WARN_OBJC_IMPLICIT_RETAIN_SELF = YES;
				CLANG_WARN_OBJC_LITERAL_CONVERSION = YES;
				CLANG_WARN_OBJC_ROOT_CLASS = YES_ERROR;
				CLANG_WARN_RANGE_LOOP_ANALYSIS = YES;
				CLANG_WARN_STRICT_PROTOTYPES = YES;
				CLANG_WARN_SUSPICIOUS_MOVE = YES;
				CLANG_WARN_UNGUARDED_AVAILABILITY = YES_AGGRESSIVE;
				CLANG_WARN_UNREACHABLE_CODE = YES;
				CLANG_WARN__DUPLICATE_METHOD_MATCH = YES;
				CODE_SIGN_IDENTITY = "iPhone Developer";
				COPY_PHASE_STRIP = NO;
				DEBUG_INFORMATION_FORMAT = dwarf;
				ENABLE_STRICT_OBJC_MSGSEND = YES;
				ENABLE_TESTABILITY = YES;
				GCC_C_LANGUAGE_STANDARD = gnu11;
				GCC_DYNAMIC_NO_PIC = NO;
				GCC_NO_COMMON_BLOCKS = YES;
				GCC_OPTIMIZATION_LEVEL = 0;
				GCC_PREPROCESSOR_DEFINITIONS = (
					"DEBUG=1",
					"$(inherited)",
				);
				GCC_WARN_64_TO_32_BIT_CONVERSION = YES;
				GCC_WARN_ABOUT_RETURN_TYPE = YES_ERROR;
				GCC_WARN_UNDECLARED_SELECTOR = YES;
				GCC_WARN_UNINITIALIZED_AUTOS = YES_AGGRESSIVE;
				GCC_WARN_UNUSED_FUNCTION = YES;
				GCC_WARN_UNUSED_VARIABLE = YES;
				IPHONEOS_DEPLOYMENT_TARGET = 12.0;
				MTL_ENABLE_DEBUG_INFO = INCLUDE_SOURCE;
				MTL_FAST_MATH = YES;
				ONLY_ACTIVE_ARCH = YES;
				SDKROOT = iphoneos;
				SWIFT_ACTIVE_COMPILATION_CONDITIONS = DEBUG;
				SWIFT_OPTIMIZATION_LEVEL = "-Onone";
			};
			name = Debug;
		};
		84100F3B21A937E900A24666 /* Release */ = {
			isa = XCBuildConfiguration;
			buildSettings = {
				ALWAYS_SEARCH_USER_PATHS = NO;
				CLANG_ANALYZER_NONNULL = YES;
				CLANG_ANALYZER_NUMBER_OBJECT_CONVERSION = YES_AGGRESSIVE;
				CLANG_CXX_LANGUAGE_STANDARD = "gnu++14";
				CLANG_CXX_LIBRARY = "libc++";
				CLANG_ENABLE_MODULES = YES;
				CLANG_ENABLE_OBJC_ARC = YES;
				CLANG_ENABLE_OBJC_WEAK = YES;
				CLANG_WARN_BLOCK_CAPTURE_AUTORELEASING = YES;
				CLANG_WARN_BOOL_CONVERSION = YES;
				CLANG_WARN_COMMA = YES;
				CLANG_WARN_CONSTANT_CONVERSION = YES;
				CLANG_WARN_DEPRECATED_OBJC_IMPLEMENTATIONS = YES;
				CLANG_WARN_DIRECT_OBJC_ISA_USAGE = YES_ERROR;
				CLANG_WARN_DOCUMENTATION_COMMENTS = YES;
				CLANG_WARN_EMPTY_BODY = YES;
				CLANG_WARN_ENUM_CONVERSION = YES;
				CLANG_WARN_INFINITE_RECURSION = YES;
				CLANG_WARN_INT_CONVERSION = YES;
				CLANG_WARN_NON_LITERAL_NULL_CONVERSION = YES;
				CLANG_WARN_OBJC_IMPLICIT_RETAIN_SELF = YES;
				CLANG_WARN_OBJC_LITERAL_CONVERSION = YES;
				CLANG_WARN_OBJC_ROOT_CLASS = YES_ERROR;
				CLANG_WARN_RANGE_LOOP_ANALYSIS = YES;
				CLANG_WARN_STRICT_PROTOTYPES = YES;
				CLANG_WARN_SUSPICIOUS_MOVE = YES;
				CLANG_WARN_UNGUARDED_AVAILABILITY = YES_AGGRESSIVE;
				CLANG_WARN_UNREACHABLE_CODE = YES;
				CLANG_WARN__DUPLICATE_METHOD_MATCH = YES;
				CODE_SIGN_IDENTITY = "iPhone Developer";
				COPY_PHASE_STRIP = NO;
				DEBUG_INFORMATION_FORMAT = "dwarf-with-dsym";
				ENABLE_NS_ASSERTIONS = NO;
				ENABLE_STRICT_OBJC_MSGSEND = YES;
				GCC_C_LANGUAGE_STANDARD = gnu11;
				GCC_NO_COMMON_BLOCKS = YES;
				GCC_WARN_64_TO_32_BIT_CONVERSION = YES;
				GCC_WARN_ABOUT_RETURN_TYPE = YES_ERROR;
				GCC_WARN_UNDECLARED_SELECTOR = YES;
				GCC_WARN_UNINITIALIZED_AUTOS = YES_AGGRESSIVE;
				GCC_WARN_UNUSED_FUNCTION = YES;
				GCC_WARN_UNUSED_VARIABLE = YES;
				IPHONEOS_DEPLOYMENT_TARGET = 12.0;
				MTL_ENABLE_DEBUG_INFO = NO;
				MTL_FAST_MATH = YES;
				SDKROOT = iphoneos;
				SWIFT_COMPILATION_MODE = wholemodule;
				SWIFT_OPTIMIZATION_LEVEL = "-O";
				VALIDATE_PRODUCT = YES;
			};
			name = Release;
		};
		84100F3D21A937E900A24666 /* Debug */ = {
			isa = XCBuildConfiguration;
			baseConfigurationReference = 861D1425F028C2236EB12233 /* Pods-browseme.debug.xcconfig */;
			buildSettings = {
				ASSETCATALOG_COMPILER_APPICON_NAME = AppIcon;
				CODE_SIGN_STYLE = Automatic;
				INFOPLIST_FILE = browseme/Info.plist;
				LD_RUNPATH_SEARCH_PATHS = (
					"$(inherited)",
					"@executable_path/Frameworks",
				);
				PRODUCT_BUNDLE_IDENTIFIER = com.browseme.browseme;
				PRODUCT_NAME = "$(TARGET_NAME)";
				SWIFT_VERSION = 4.2;
				TARGETED_DEVICE_FAMILY = "1,2";
			};
			name = Debug;
		};
		84100F3E21A937E900A24666 /* Release */ = {
			isa = XCBuildConfiguration;
			baseConfigurationReference = 6ED703C410D2F3E8D79B5A95 /* Pods-browseme.release.xcconfig */;
			buildSettings = {
				ASSETCATALOG_COMPILER_APPICON_NAME = AppIcon;
				CODE_SIGN_STYLE = Automatic;
				INFOPLIST_FILE = browseme/Info.plist;
				LD_RUNPATH_SEARCH_PATHS = (
					"$(inherited)",
					"@executable_path/Frameworks",
				);
				PRODUCT_BUNDLE_IDENTIFIER = com.browseme.browseme;
				PRODUCT_NAME = "$(TARGET_NAME)";
				SWIFT_VERSION = 4.2;
				TARGETED_DEVICE_FAMILY = "1,2";
			};
			name = Release;
		};
		84100F4021A937E900A24666 /* Debug */ = {
			isa = XCBuildConfiguration;
			baseConfigurationReference = 5546E87E94EF91CE566CCB5B /* Pods-browsemeTests.debug.xcconfig */;
			buildSettings = {
				ALWAYS_EMBED_SWIFT_STANDARD_LIBRARIES = YES;
				BUNDLE_LOADER = "$(TEST_HOST)";
				CODE_SIGN_STYLE = Automatic;
				INFOPLIST_FILE = browsemeTests/Info.plist;
				LD_RUNPATH_SEARCH_PATHS = (
					"$(inherited)",
					"@executable_path/Frameworks",
					"@loader_path/Frameworks",
				);
				PRODUCT_BUNDLE_IDENTIFIER = com.browseme.browsemeTests;
				PRODUCT_NAME = "$(TARGET_NAME)";
				SWIFT_VERSION = 4.2;
				TARGETED_DEVICE_FAMILY = "1,2";
				TEST_HOST = "$(BUILT_PRODUCTS_DIR)/browseme.app/browseme";
			};
			name = Debug;
		};
		84100F4121A937E900A24666 /* Release */ = {
			isa = XCBuildConfiguration;
			baseConfigurationReference = 5A20051E8D0933058C1FDBD8 /* Pods-browsemeTests.release.xcconfig */;
			buildSettings = {
				ALWAYS_EMBED_SWIFT_STANDARD_LIBRARIES = YES;
				BUNDLE_LOADER = "$(TEST_HOST)";
				CODE_SIGN_STYLE = Automatic;
				INFOPLIST_FILE = browsemeTests/Info.plist;
				LD_RUNPATH_SEARCH_PATHS = (
					"$(inherited)",
					"@executable_path/Frameworks",
					"@loader_path/Frameworks",
				);
				PRODUCT_BUNDLE_IDENTIFIER = com.browseme.browsemeTests;
				PRODUCT_NAME = "$(TARGET_NAME)";
				SWIFT_VERSION = 4.2;
				TARGETED_DEVICE_FAMILY = "1,2";
				TEST_HOST = "$(BUILT_PRODUCTS_DIR)/browseme.app/browseme";
			};
			name = Release;
		};
		84100F4321A937E900A24666 /* Debug */ = {
			isa = XCBuildConfiguration;
			baseConfigurationReference = B88CA30821E22805CB180074 /* Pods-browsemeUITests.debug.xcconfig */;
			buildSettings = {
				ALWAYS_EMBED_SWIFT_STANDARD_LIBRARIES = YES;
				CODE_SIGN_STYLE = Automatic;
				INFOPLIST_FILE = browsemeUITests/Info.plist;
				LD_RUNPATH_SEARCH_PATHS = (
					"$(inherited)",
					"@executable_path/Frameworks",
					"@loader_path/Frameworks",
				);
				PRODUCT_BUNDLE_IDENTIFIER = com.browseme.browsemeUITests;
				PRODUCT_NAME = "$(TARGET_NAME)";
				SWIFT_VERSION = 4.2;
				TARGETED_DEVICE_FAMILY = "1,2";
				TEST_TARGET_NAME = browseme;
			};
			name = Debug;
		};
		84100F4421A937E900A24666 /* Release */ = {
			isa = XCBuildConfiguration;
			baseConfigurationReference = 52BE6A02A7D91D2C8B1F068F /* Pods-browsemeUITests.release.xcconfig */;
			buildSettings = {
				ALWAYS_EMBED_SWIFT_STANDARD_LIBRARIES = YES;
				CODE_SIGN_STYLE = Automatic;
				INFOPLIST_FILE = browsemeUITests/Info.plist;
				LD_RUNPATH_SEARCH_PATHS = (
					"$(inherited)",
					"@executable_path/Frameworks",
					"@loader_path/Frameworks",
				);
				PRODUCT_BUNDLE_IDENTIFIER = com.browseme.browsemeUITests;
				PRODUCT_NAME = "$(TARGET_NAME)";
				SWIFT_VERSION = 4.2;
				TARGETED_DEVICE_FAMILY = "1,2";
				TEST_TARGET_NAME = browseme;
			};
			name = Release;
		};
/* End XCBuildConfiguration section */

/* Begin XCConfigurationList section */
		84100F0F21A937E700A24666 /* Build configuration list for PBXProject "browseme" */ = {
			isa = XCConfigurationList;
			buildConfigurations = (
				84100F3A21A937E900A24666 /* Debug */,
				84100F3B21A937E900A24666 /* Release */,
			);
			defaultConfigurationIsVisible = 0;
			defaultConfigurationName = Release;
		};
		84100F3C21A937E900A24666 /* Build configuration list for PBXNativeTarget "browseme" */ = {
			isa = XCConfigurationList;
			buildConfigurations = (
				84100F3D21A937E900A24666 /* Debug */,
				84100F3E21A937E900A24666 /* Release */,
			);
			defaultConfigurationIsVisible = 0;
			defaultConfigurationName = Release;
		};
		84100F3F21A937E900A24666 /* Build configuration list for PBXNativeTarget "browsemeTests" */ = {
			isa = XCConfigurationList;
			buildConfigurations = (
				84100F4021A937E900A24666 /* Debug */,
				84100F4121A937E900A24666 /* Release */,
			);
			defaultConfigurationIsVisible = 0;
			defaultConfigurationName = Release;
		};
		84100F4221A937E900A24666 /* Build configuration list for PBXNativeTarget "browsemeUITests" */ = {
			isa = XCConfigurationList;
			buildConfigurations = (
				84100F4321A937E900A24666 /* Debug */,
				84100F4421A937E900A24666 /* Release */,
			);
			defaultConfigurationIsVisible = 0;
			defaultConfigurationName = Release;
		};
/* End XCConfigurationList section */
	};
	rootObject = 84100F0C21A937E700A24666 /* Project object */;
}
